
Microsoft Visual Studio Solution File, Format Version 12.00
# Visual Studio Version 16
VisualStudioVersion = 16.0.30717.126
MinimumVisualStudioVersion = 10.0.40219.1
Project("{FAE04EC0-301F-11D3-BF4B-00C04F79EFBC}") = "ServiceReservasi", "ServiceReservasi.csproj", "{CCA248F3-0C1A-4048-A182-063D9401267B}"
EndProject
Global
	GlobalSection(SolutionConfigurationPlatforms) = preSolution
		Debug|Any CPU = Debug|Any CPU
		Release|Any CPU = Release|Any CPU
	EndGlobalSection
	GlobalSection(ProjectConfigurationPlatforms) = postSolution
		{CCA248F3-0C1A-4048-A182-063D9401267B}.Debug|Any CPU.ActiveCfg = Debug|Any CPU
		{CCA248F3-0C1A-4048-A182-063D9401267B}.Debug|Any CPU.Build.0 = Debug|Any CPU
		{CCA248F3-0C1A-4048-A182-063D9401267B}.Release|Any CPU.ActiveCfg = Release|Any CPU
		{CCA248F3-0C1A-4048-A182-063D9401267B}.Release|Any CPU.Build.0 = Release|Any CPU
	EndGlobalSection
	GlobalSection(SolutionProperties) = preSolution
		HideSolutionNode = FALSE
	EndGlobalSection
	GlobalSection(ExtensibilityGlobals) = postSolution
		SolutionGuid = {7F151F07-4BF7-4B7D-899D-2E7ED1857B8F}
	EndGlobalSection
EndGlobal
